
Microsoft Visual Studio Solution File, Format Version 12.00
# Visual Studio Version 17
VisualStudioVersion = 17.14.37027.9 d17.14
MinimumVisualStudioVersion = 10.0.40219.1
Project("{FAE04EC0-301F-11D3-BF4B-00C04F79EFBC}") = "WEB BÁN GUNDAM", "WEB BÁN GUNDAM.csproj", "{F00CEAAC-8DF2-4603-8630-0B7CB91FEA6C}"
EndProject
Global
	GlobalSection(SolutionConfigurationPlatforms) = preSolution
		Debug|Any CPU = Debug|Any CPU
		Release|Any CPU = Release|Any CPU
	EndGlobalSection
	GlobalSection(ProjectConfigurationPlatforms) = postSolution
		{F00CEAAC-8DF2-4603-8630-0B7CB91FEA6C}.Debug|Any CPU.ActiveCfg = Debug|Any CPU
		{F00CEAAC-8DF2-4603-8630-0B7CB91FEA6C}.Debug|Any CPU.Build.0 = Debug|Any CPU
		{F00CEAAC-8DF2-4603-8630-0B7CB91FEA6C}.Release|Any CPU.ActiveCfg = Release|Any CPU
		{F00CEAAC-8DF2-4603-8630-0B7CB91FEA6C}.Release|Any CPU.Build.0 = Release|Any CPU
	EndGlobalSection
	GlobalSection(SolutionProperties) = preSolution
		HideSolutionNode = FALSE
	EndGlobalSection
	GlobalSection(ExtensibilityGlobals) = postSolution
		SolutionGuid = {000594AA-A94F-4152-B907-8751C76A2B41}
	EndGlobalSection
EndGlobal
